// !$*UTF8*$!
{
	archiveVersion = 1;
	classes = {
	};
	objectVersion = 46;
	objects = {

/* Begin PBXBuildFile section */
		762BDA281C6F423D0033F521 /* main.m in Sources */ = {isa = PBXBuildFile; fileRef = 762BDA271C6F423D0033F521 /* main.m */; };
		762BDA2B1C6F423D0033F521 /* AppDelegate.m in Sources */ = {isa = PBXBuildFile; fileRef = 762BDA2A1C6F423D0033F521 /* AppDelegate.m */; };
		762BDA361C6F423E0033F521 /* Assets.xcassets in Resources */ = {isa = PBXBuildFile; fileRef = 762BDA351C6F423E0033F521 /* Assets.xcassets */; };
		762BDA391C6F423E0033F521 /* LaunchScreen.storyboard in Resources */ = {isa = PBXBuildFile; fileRef = 762BDA371C6F423E0033F521 /* LaunchScreen.storyboard */; };
		767511E41C70A5AF003A1D91 /* TabBarViewController.m in Sources */ = {isa = PBXBuildFile; fileRef = 767511E21C70A5AF003A1D91 /* TabBarViewController.m */; };
		767511E51C70A5AF003A1D91 /* TabBarViewController.xib in Resources */ = {isa = PBXBuildFile; fileRef = 767511E31C70A5AF003A1D91 /* TabBarViewController.xib */; };
		767511E91C70A5D4003A1D91 /* StoreViewController.m in Sources */ = {isa = PBXBuildFile; fileRef = 767511E71C70A5D4003A1D91 /* StoreViewController.m */; };
		767511EA1C70A5D4003A1D91 /* StoreViewController.xib in Resources */ = {isa = PBXBuildFile; fileRef = 767511E81C70A5D4003A1D91 /* StoreViewController.xib */; };
		767511EE1C70A5EF003A1D91 /* ProductViewController.m in Sources */ = {isa = PBXBuildFile; fileRef = 767511EC1C70A5EF003A1D91 /* ProductViewController.m */; };
		767511EF1C70A5EF003A1D91 /* ProductViewController.xib in Resources */ = {isa = PBXBuildFile; fileRef = 767511ED1C70A5EF003A1D91 /* ProductViewController.xib */; };
		767511F31C70A625003A1D91 /* SearchViewController.m in Sources */ = {isa = PBXBuildFile; fileRef = 767511F11C70A625003A1D91 /* SearchViewController.m */; };
		767511F41C70A625003A1D91 /* SearchViewController.xib in Resources */ = {isa = PBXBuildFile; fileRef = 767511F21C70A625003A1D91 /* SearchViewController.xib */; };
		767511FB1C70A65F003A1D91 /* LoginViewController.m in Sources */ = {isa = PBXBuildFile; fileRef = 767511F91C70A65F003A1D91 /* LoginViewController.m */; };
		767511FC1C70A65F003A1D91 /* LoginViewController.xib in Resources */ = {isa = PBXBuildFile; fileRef = 767511FA1C70A65F003A1D91 /* LoginViewController.xib */; };
		767512001C70A676003A1D91 /* CartViewController.m in Sources */ = {isa = PBXBuildFile; fileRef = 767511FE1C70A676003A1D91 /* CartViewController.m */; };
		767512011C70A676003A1D91 /* CartViewController.xib in Resources */ = {isa = PBXBuildFile; fileRef = 767511FF1C70A676003A1D91 /* CartViewController.xib */; };
		767512051C70A691003A1D91 /* UserViewController.m in Sources */ = {isa = PBXBuildFile; fileRef = 767512031C70A691003A1D91 /* UserViewController.m */; };
		767512061C70A691003A1D91 /* UserViewController.xib in Resources */ = {isa = PBXBuildFile; fileRef = 767512041C70A691003A1D91 /* UserViewController.xib */; };
		7675120A1C70A988003A1D91 /* CreateUserViewController.m in Sources */ = {isa = PBXBuildFile; fileRef = 767512081C70A988003A1D91 /* CreateUserViewController.m */; };
		7675120B1C70A988003A1D91 /* CreateUserViewController.xib in Resources */ = {isa = PBXBuildFile; fileRef = 767512091C70A988003A1D91 /* CreateUserViewController.xib */; };
		767A702A1C81C077008AD487 /* MyOAuthManager.m in Sources */ = {isa = PBXBuildFile; fileRef = 767A70291C81C077008AD487 /* MyOAuthManager.m */; };
		767A702D1C821BA0008AD487 /* JZUser.m in Sources */ = {isa = PBXBuildFile; fileRef = 767A702C1C821BA0008AD487 /* JZUser.m */; };
		76EAF8071C85E07F00D7C1D2 /* CategoryViewController.m in Sources */ = {isa = PBXBuildFile; fileRef = 76EAF8051C85E07F00D7C1D2 /* CategoryViewController.m */; };
		76EAF8081C85E07F00D7C1D2 /* CategoryViewController.xib in Resources */ = {isa = PBXBuildFile; fileRef = 76EAF8061C85E07F00D7C1D2 /* CategoryViewController.xib */; };
		E76EB37944F8BBC6189A8259 /* libPods.a in Frameworks */ = {isa = PBXBuildFile; fileRef = 24FA820CFF1B1CD28142EC6E /* libPods.a */; };
/* End PBXBuildFile section */

/* Begin PBXFileReference section */
		1306FE47D7DA18E2048800F8 /* Pods.debug.xcconfig */ = {isa = PBXFileReference; includeInIndex = 1; lastKnownFileType = text.xcconfig; name = Pods.debug.xcconfig; path = "Pods/Target Support Files/Pods/Pods.debug.xcconfig"; sourceTree = "<group>"; };
		2496D59C393EAF718C94184B /* Pods.release.xcconfig */ = {isa = PBXFileReference; includeInIndex = 1; lastKnownFileType = text.xcconfig; name = Pods.release.xcconfig; path = "Pods/Target Support Files/Pods/Pods.release.xcconfig"; sourceTree = "<group>"; };
		24FA820CFF1B1CD28142EC6E /* libPods.a */ = {isa = PBXFileReference; explicitFileType = archive.ar; includeInIndex = 0; path = libPods.a; sourceTree = BUILT_PRODUCTS_DIR; };
		762BDA231C6F423D0033F521 /* xmazon.app */ = {isa = PBXFileReference; explicitFileType = wrapper.application; includeInIndex = 0; path = xmazon.app; sourceTree = BUILT_PRODUCTS_DIR; };
		762BDA271C6F423D0033F521 /* main.m */ = {isa = PBXFileReference; lastKnownFileType = sourcecode.c.objc; path = main.m; sourceTree = "<group>"; };
		762BDA291C6F423D0033F521 /* AppDelegate.h */ = {isa = PBXFileReference; lastKnownFileType = sourcecode.c.h; path = AppDelegate.h; sourceTree = "<group>"; };
		762BDA2A1C6F423D0033F521 /* AppDelegate.m */ = {isa = PBXFileReference; lastKnownFileType = sourcecode.c.objc; path = AppDelegate.m; sourceTree = "<group>"; };
		762BDA351C6F423E0033F521 /* Assets.xcassets */ = {isa = PBXFileReference; lastKnownFileType = folder.assetcatalog; name = Assets.xcassets; path = xmazon/Assets.xcassets; sourceTree = SOURCE_ROOT; };
		762BDA381C6F423E0033F521 /* Base */ = {isa = PBXFileReference; lastKnownFileType = file.storyboard; name = Base; path = Base.lproj/LaunchScreen.storyboard; sourceTree = "<group>"; };
		762BDA3A1C6F423E0033F521 /* Info.plist */ = {isa = PBXFileReference; lastKnownFileType = text.plist.xml; path = Info.plist; sourceTree = "<group>"; };
		767511E11C70A5AF003A1D91 /* TabBarViewController.h */ = {isa = PBXFileReference; fileEncoding = 4; lastKnownFileType = sourcecode.c.h; path = TabBarViewController.h; sourceTree = "<group>"; };
		767511E21C70A5AF003A1D91 /* TabBarViewController.m */ = {isa = PBXFileReference; fileEncoding = 4; lastKnownFileType = sourcecode.c.objc; path = TabBarViewController.m; sourceTree = "<group>"; };
		767511E31C70A5AF003A1D91 /* TabBarViewController.xib */ = {isa = PBXFileReference; fileEncoding = 4; lastKnownFileType = file.xib; path = TabBarViewController.xib; sourceTree = "<group>"; };
		767511E61C70A5D4003A1D91 /* StoreViewController.h */ = {isa = PBXFileReference; fileEncoding = 4; lastKnownFileType = sourcecode.c.h; path = StoreViewController.h; sourceTree = "<group>"; };
		767511E71C70A5D4003A1D91 /* StoreViewController.m */ = {isa = PBXFileReference; fileEncoding = 4; lastKnownFileType = sourcecode.c.objc; path = StoreViewController.m; sourceTree = "<group>"; };
		767511E81C70A5D4003A1D91 /* StoreViewController.xib */ = {isa = PBXFileReference; fileEncoding = 4; lastKnownFileType = file.xib; path = StoreViewController.xib; sourceTree = "<group>"; };
		767511EB1C70A5EF003A1D91 /* ProductViewController.h */ = {isa = PBXFileReference; fileEncoding = 4; lastKnownFileType = sourcecode.c.h; path = ProductViewController.h; sourceTree = "<group>"; };
		767511EC1C70A5EF003A1D91 /* ProductViewController.m */ = {isa = PBXFileReference; fileEncoding = 4; lastKnownFileType = sourcecode.c.objc; path = ProductViewController.m; sourceTree = "<group>"; };
		767511ED1C70A5EF003A1D91 /* ProductViewController.xib */ = {isa = PBXFileReference; fileEncoding = 4; lastKnownFileType = file.xib; path = ProductViewController.xib; sourceTree = "<group>"; };
		767511F01C70A625003A1D91 /* SearchViewController.h */ = {isa = PBXFileReference; fileEncoding = 4; lastKnownFileType = sourcecode.c.h; path = SearchViewController.h; sourceTree = "<group>"; };
		767511F11C70A625003A1D91 /* SearchViewController.m */ = {isa = PBXFileReference; fileEncoding = 4; lastKnownFileType = sourcecode.c.objc; path = SearchViewController.m; sourceTree = "<group>"; };
		767511F21C70A625003A1D91 /* SearchViewController.xib */ = {isa = PBXFileReference; fileEncoding = 4; lastKnownFileType = file.xib; path = SearchViewController.xib; sourceTree = "<group>"; };
		767511F81C70A65F003A1D91 /* LoginViewController.h */ = {isa = PBXFileReference; fileEncoding = 4; lastKnownFileType = sourcecode.c.h; path = LoginViewController.h; sourceTree = "<group>"; };
		767511F91C70A65F003A1D91 /* LoginViewController.m */ = {isa = PBXFileReference; fileEncoding = 4; lastKnownFileType = sourcecode.c.objc; path = LoginViewController.m; sourceTree = "<group>"; };
		767511FA1C70A65F003A1D91 /* LoginViewController.xib */ = {isa = PBXFileReference; fileEncoding = 4; lastKnownFileType = file.xib; path = LoginViewController.xib; sourceTree = "<group>"; };
		767511FD1C70A676003A1D91 /* CartViewController.h */ = {isa = PBXFileReference; fileEncoding = 4; lastKnownFileType = sourcecode.c.h; path = CartViewController.h; sourceTree = "<group>"; };
		767511FE1C70A676003A1D91 /* CartViewController.m */ = {isa = PBXFileReference; fileEncoding = 4; lastKnownFileType = sourcecode.c.objc; path = CartViewController.m; sourceTree = "<group>"; };
		767511FF1C70A676003A1D91 /* CartViewController.xib */ = {isa = PBXFileReference; fileEncoding = 4; lastKnownFileType = file.xib; path = CartViewController.xib; sourceTree = "<group>"; };
		767512021C70A691003A1D91 /* UserViewController.h */ = {isa = PBXFileReference; fileEncoding = 4; lastKnownFileType = sourcecode.c.h; path = UserViewController.h; sourceTree = "<group>"; };
		767512031C70A691003A1D91 /* UserViewController.m */ = {isa = PBXFileReference; fileEncoding = 4; lastKnownFileType = sourcecode.c.objc; path = UserViewController.m; sourceTree = "<group>"; };
		767512041C70A691003A1D91 /* UserViewController.xib */ = {isa = PBXFileReference; fileEncoding = 4; lastKnownFileType = file.xib; path = UserViewController.xib; sourceTree = "<group>"; };
		767512071C70A988003A1D91 /* CreateUserViewController.h */ = {isa = PBXFileReference; fileEncoding = 4; lastKnownFileType = sourcecode.c.h; path = CreateUserViewController.h; sourceTree = "<group>"; };
		767512081C70A988003A1D91 /* CreateUserViewController.m */ = {isa = PBXFileReference; fileEncoding = 4; lastKnownFileType = sourcecode.c.objc; path = CreateUserViewController.m; sourceTree = "<group>"; };
		767512091C70A988003A1D91 /* CreateUserViewController.xib */ = {isa = PBXFileReference; fileEncoding = 4; lastKnownFileType = file.xib; path = CreateUserViewController.xib; sourceTree = "<group>"; };
		767A70281C81C077008AD487 /* MyOAuthManager.h */ = {isa = PBXFileReference; fileEncoding = 4; lastKnownFileType = sourcecode.c.h; path = MyOAuthManager.h; sourceTree = "<group>"; };
		767A70291C81C077008AD487 /* MyOAuthManager.m */ = {isa = PBXFileReference; fileEncoding = 4; lastKnownFileType = sourcecode.c.objc; path = MyOAuthManager.m; sourceTree = "<group>"; };
		767A702B1C821BA0008AD487 /* JZUser.h */ = {isa = PBXFileReference; fileEncoding = 4; lastKnownFileType = sourcecode.c.h; path = JZUser.h; sourceTree = "<group>"; };
		767A702C1C821BA0008AD487 /* JZUser.m */ = {isa = PBXFileReference; fileEncoding = 4; lastKnownFileType = sourcecode.c.objc; path = JZUser.m; sourceTree = "<group>"; };
		76EAF8041C85E07F00D7C1D2 /* CategoryViewController.h */ = {isa = PBXFileReference; fileEncoding = 4; lastKnownFileType = sourcecode.c.h; path = CategoryViewController.h; sourceTree = "<group>"; };
		76EAF8051C85E07F00D7C1D2 /* CategoryViewController.m */ = {isa = PBXFileReference; fileEncoding = 4; lastKnownFileType = sourcecode.c.objc; path = CategoryViewController.m; sourceTree = "<group>"; };
		76EAF8061C85E07F00D7C1D2 /* CategoryViewController.xib */ = {isa = PBXFileReference; fileEncoding = 4; lastKnownFileType = file.xib; path = CategoryViewController.xib; sourceTree = "<group>"; };
/* End PBXFileReference section */

/* Begin PBXFrameworksBuildPhase section */
		762BDA201C6F423D0033F521 /* Frameworks */ = {
			isa = PBXFrameworksBuildPhase;
			buildActionMask = 2147483647;
			files = (
				E76EB37944F8BBC6189A8259 /* libPods.a in Frameworks */,
			);
			runOnlyForDeploymentPostprocessing = 0;
		};
/* End PBXFrameworksBuildPhase section */

/* Begin PBXGroup section */
		762BDA1A1C6F423D0033F521 = {
			isa = PBXGroup;
			children = (
				762BDA251C6F423D0033F521 /* xmazon */,
				762BDA241C6F423D0033F521 /* Products */,
				B5D07276C491A6D53D1DD4C6 /* Pods */,
				EDDAF8EA70DD40D67074072A /* Frameworks */,
			);
			sourceTree = "<group>";
		};
		762BDA241C6F423D0033F521 /* Products */ = {
			isa = PBXGroup;
			children = (
				762BDA231C6F423D0033F521 /* xmazon.app */,
			);
			name = Products;
			sourceTree = "<group>";
		};
		762BDA251C6F423D0033F521 /* xmazon */ = {
			isa = PBXGroup;
			children = (
				76AE985B1C8775D900470016 /* Views */,
				762BDA291C6F423D0033F521 /* AppDelegate.h */,
				762BDA2A1C6F423D0033F521 /* AppDelegate.m */,
				762BDA351C6F423E0033F521 /* Assets.xcassets */,
				762BDA371C6F423E0033F521 /* LaunchScreen.storyboard */,
				762BDA3A1C6F423E0033F521 /* Info.plist */,
				762BDA261C6F423D0033F521 /* Supporting Files */,
				767511E11C70A5AF003A1D91 /* TabBarViewController.h */,
				767511E21C70A5AF003A1D91 /* TabBarViewController.m */,
				767511E31C70A5AF003A1D91 /* TabBarViewController.xib */,
				767A70281C81C077008AD487 /* MyOAuthManager.h */,
				767A70291C81C077008AD487 /* MyOAuthManager.m */,
				767A702B1C821BA0008AD487 /* JZUser.h */,
				767A702C1C821BA0008AD487 /* JZUser.m */,
			);
			path = xmazon;
			sourceTree = "<group>";
		};
		762BDA261C6F423D0033F521 /* Supporting Files */ = {
			isa = PBXGroup;
			children = (
				762BDA271C6F423D0033F521 /* main.m */,
			);
			name = "Supporting Files";
			sourceTree = "<group>";
		};
		76AE985B1C8775D900470016 /* Views */ = {
			isa = PBXGroup;
			children = (
				76EAF8041C85E07F00D7C1D2 /* CategoryViewController.h */,
				76EAF8051C85E07F00D7C1D2 /* CategoryViewController.m */,
				76EAF8061C85E07F00D7C1D2 /* CategoryViewController.xib */,
				767511E61C70A5D4003A1D91 /* StoreViewController.h */,
				767511E71C70A5D4003A1D91 /* StoreViewController.m */,
				767511E81C70A5D4003A1D91 /* StoreViewController.xib */,
				767511EB1C70A5EF003A1D91 /* ProductViewController.h */,
				767511EC1C70A5EF003A1D91 /* ProductViewController.m */,
				767511ED1C70A5EF003A1D91 /* ProductViewController.xib */,
				767511F01C70A625003A1D91 /* SearchViewController.h */,
				767511F11C70A625003A1D91 /* SearchViewController.m */,
				767511F21C70A625003A1D91 /* SearchViewController.xib */,
				767511F81C70A65F003A1D91 /* LoginViewController.h */,
				767511F91C70A65F003A1D91 /* LoginViewController.m */,
				767511FA1C70A65F003A1D91 /* LoginViewController.xib */,
				767511FD1C70A676003A1D91 /* CartViewController.h */,
				767511FE1C70A676003A1D91 /* CartViewController.m */,
				767511FF1C70A676003A1D91 /* CartViewController.xib */,
				767512021C70A691003A1D91 /* UserViewController.h */,
				767512031C70A691003A1D91 /* UserViewController.m */,
				767512041C70A691003A1D91 /* UserViewController.xib */,
				767512071C70A988003A1D91 /* CreateUserViewController.h */,
				767512081C70A988003A1D91 /* CreateUserViewController.m */,
				767512091C70A988003A1D91 /* CreateUserViewController.xib */,
			);
			name = Views;
			sourceTree = "<group>";
		};
		B5D07276C491A6D53D1DD4C6 /* Pods */ = {
			isa = PBXGroup;
			children = (
				1306FE47D7DA18E2048800F8 /* Pods.debug.xcconfig */,
				2496D59C393EAF718C94184B /* Pods.release.xcconfig */,
			);
			name = Pods;
			sourceTree = "<group>";
		};
		EDDAF8EA70DD40D67074072A /* Frameworks */ = {
			isa = PBXGroup;
			children = (
				24FA820CFF1B1CD28142EC6E /* libPods.a */,
			);
			name = Frameworks;
			sourceTree = "<group>";
		};
/* End PBXGroup section */

/* Begin PBXNativeTarget section */
		762BDA221C6F423D0033F521 /* xmazon */ = {
			isa = PBXNativeTarget;
			buildConfigurationList = 762BDA3D1C6F423E0033F521 /* Build configuration list for PBXNativeTarget "xmazon" */;
			buildPhases = (
				9BA80341FD7C29300AD81C07 /* Check Pods Manifest.lock */,
				762BDA1F1C6F423D0033F521 /* Sources */,
				762BDA201C6F423D0033F521 /* Frameworks */,
				762BDA211C6F423D0033F521 /* Resources */,
				2090D203583F7363CEA05F8A /* Embed Pods Frameworks */,
				5333C6803B475F85DCF78CA3 /* Copy Pods Resources */,
			);
			buildRules = (
			);
			dependencies = (
			);
			name = xmazon;
			productName = xmazon;
			productReference = 762BDA231C6F423D0033F521 /* xmazon.app */;
			productType = "com.apple.product-type.application";
		};
/* End PBXNativeTarget section */

/* Begin PBXProject section */
		762BDA1B1C6F423D0033F521 /* Project object */ = {
			isa = PBXProject;
			attributes = {
				LastUpgradeCheck = 0710;
				ORGANIZATIONNAME = esgi;
				TargetAttributes = {
					762BDA221C6F423D0033F521 = {
						CreatedOnToolsVersion = 7.1;
					};
				};
			};
			buildConfigurationList = 762BDA1E1C6F423D0033F521 /* Build configuration list for PBXProject "xmazon" */;
			compatibilityVersion = "Xcode 3.2";
			developmentRegion = English;
			hasScannedForEncodings = 0;
			knownRegions = (
				en,
				Base,
			);
			mainGroup = 762BDA1A1C6F423D0033F521;
			productRefGroup = 762BDA241C6F423D0033F521 /* Products */;
			projectDirPath = "";
			projectRoot = "";
			targets = (
				762BDA221C6F423D0033F521 /* xmazon */,
			);
		};
/* End PBXProject section */

/* Begin PBXResourcesBuildPhase section */
		762BDA211C6F423D0033F521 /* Resources */ = {
			isa = PBXResourcesBuildPhase;
			buildActionMask = 2147483647;
			files = (
				767512011C70A676003A1D91 /* CartViewController.xib in Resources */,
				767512061C70A691003A1D91 /* UserViewController.xib in Resources */,
				767511EA1C70A5D4003A1D91 /* StoreViewController.xib in Resources */,
				762BDA391C6F423E0033F521 /* LaunchScreen.storyboard in Resources */,
				767511F41C70A625003A1D91 /* SearchViewController.xib in Resources */,
				767511E51C70A5AF003A1D91 /* TabBarViewController.xib in Resources */,
				762BDA361C6F423E0033F521 /* Assets.xcassets in Resources */,
				76EAF8081C85E07F00D7C1D2 /* CategoryViewController.xib in Resources */,
				767511FC1C70A65F003A1D91 /* LoginViewController.xib in Resources */,
				767511EF1C70A5EF003A1D91 /* ProductViewController.xib in Resources */,
				7675120B1C70A988003A1D91 /* CreateUserViewController.xib in Resources */,
			);
			runOnlyForDeploymentPostprocessing = 0;
		};
/* End PBXResourcesBuildPhase section */

/* Begin PBXShellScriptBuildPhase section */
		2090D203583F7363CEA05F8A /* Embed Pods Frameworks */ = {
			isa = PBXShellScriptBuildPhase;
			buildActionMask = 2147483647;
			files = (
			);
			inputPaths = (
			);
			name = "Embed Pods Frameworks";
			outputPaths = (
			);
			runOnlyForDeploymentPostprocessing = 0;
			shellPath = /bin/sh;
			shellScript = "\"${SRCROOT}/Pods/Target Support Files/Pods/Pods-frameworks.sh\"\n";
			showEnvVarsInLog = 0;
		};
		5333C6803B475F85DCF78CA3 /* Copy Pods Resources */ = {
			isa = PBXShellScriptBuildPhase;
			buildActionMask = 2147483647;
			files = (
			);
			inputPaths = (
			);
			name = "Copy Pods Resources";
			outputPaths = (
			);
			runOnlyForDeploymentPostprocessing = 0;
			shellPath = /bin/sh;
			shellScript = "\"${SRCROOT}/Pods/Target Support Files/Pods/Pods-resources.sh\"\n";
			showEnvVarsInLog = 0;
		};
		9BA80341FD7C29300AD81C07 /* Check Pods Manifest.lock */ = {
			isa = PBXShellScriptBuildPhase;
			buildActionMask = 2147483647;
			files = (
			);
			inputPaths = (
			);
			name = "Check Pods Manifest.lock";
			outputPaths = (
			);
			runOnlyForDeploymentPostprocessing = 0;
			shellPath = /bin/sh;
			shellScript = "diff \"${PODS_ROOT}/../Podfile.lock\" \"${PODS_ROOT}/Manifest.lock\" > /dev/null\nif [[ $? != 0 ]] ; then\n    cat << EOM\nerror: The sandbox is not in sync with the Podfile.lock. Run 'pod install' or update your CocoaPods installation.\nEOM\n    exit 1\nfi\n";
			showEnvVarsInLog = 0;
		};
/* End PBXShellScriptBuildPhase section */

/* Begin PBXSourcesBuildPhase section */
		762BDA1F1C6F423D0033F521 /* Sources */ = {
			isa = PBXSourcesBuildPhase;
			buildActionMask = 2147483647;
			files = (
				767512001C70A676003A1D91 /* CartViewController.m in Sources */,
				767511E91C70A5D4003A1D91 /* StoreViewController.m in Sources */,
				762BDA2B1C6F423D0033F521 /* AppDelegate.m in Sources */,
				767511EE1C70A5EF003A1D91 /* ProductViewController.m in Sources */,
				767512051C70A691003A1D91 /* UserViewController.m in Sources */,
				767511E41C70A5AF003A1D91 /* TabBarViewController.m in Sources */,
				767511FB1C70A65F003A1D91 /* LoginViewController.m in Sources */,
				767A702D1C821BA0008AD487 /* JZUser.m in Sources */,
				767511F31C70A625003A1D91 /* SearchViewController.m in Sources */,
				76EAF8071C85E07F00D7C1D2 /* CategoryViewController.m in Sources */,
				762BDA281C6F423D0033F521 /* main.m in Sources */,
				7675120A1C70A988003A1D91 /* CreateUserViewController.m in Sources */,
				767A702A1C81C077008AD487 /* MyOAuthManager.m in Sources */,
			);
			runOnlyForDeploymentPostprocessing = 0;
		};
/* End PBXSourcesBuildPhase section */

/* Begin PBXVariantGroup section */
		762BDA371C6F423E0033F521 /* LaunchScreen.storyboard */ = {
			isa = PBXVariantGroup;
			children = (
				762BDA381C6F423E0033F521 /* Base */,
			);
			name = LaunchScreen.storyboard;
			sourceTree = "<group>";
		};
/* End PBXVariantGroup section */

/* Begin XCBuildConfiguration section */
		762BDA3B1C6F423E0033F521 /* Debug */ = {
			isa = XCBuildConfiguration;
			buildSettings = {
				ALWAYS_SEARCH_USER_PATHS = NO;
				CLANG_CXX_LANGUAGE_STANDARD = "gnu++0x";
				CLANG_CXX_LIBRARY = "libc++";
				CLANG_ENABLE_MODULES = YES;
				CLANG_ENABLE_OBJC_ARC = YES;
				CLANG_WARN_BOOL_CONVERSION = YES;
				CLANG_WARN_CONSTANT_CONVERSION = YES;
				CLANG_WARN_DIRECT_OBJC_ISA_USAGE = YES_ERROR;
				CLANG_WARN_EMPTY_BODY = YES;
				CLANG_WARN_ENUM_CONVERSION = YES;
				CLANG_WARN_INT_CONVERSION = YES;
				CLANG_WARN_OBJC_ROOT_CLASS = YES_ERROR;
				CLANG_WARN_UNREACHABLE_CODE = YES;
				CLANG_WARN__DUPLICATE_METHOD_MATCH = YES;
				"CODE_SIGN_IDENTITY[sdk=iphoneos*]" = "iPhone Developer";
				COPY_PHASE_STRIP = NO;
				DEBUG_INFORMATION_FORMAT = dwarf;
				ENABLE_STRICT_OBJC_MSGSEND = YES;
				ENABLE_TESTABILITY = YES;
				GCC_C_LANGUAGE_STANDARD = gnu99;
				GCC_DYNAMIC_NO_PIC = NO;
				GCC_NO_COMMON_BLOCKS = YES;
				GCC_OPTIMIZATION_LEVEL = 0;
				GCC_PREPROCESSOR_DEFINITIONS = (
					"DEBUG=1",
					"$(inherited)",
				);
				GCC_WARN_64_TO_32_BIT_CONVERSION = YES;
				GCC_WARN_ABOUT_RETURN_TYPE = YES_ERROR;
				GCC_WARN_UNDECLARED_SELECTOR = YES;
				GCC_WARN_UNINITIALIZED_AUTOS = YES_AGGRESSIVE;
				GCC_WARN_UNUSED_FUNCTION = YES;
				GCC_WARN_UNUSED_VARIABLE = YES;
				IPHONEOS_DEPLOYMENT_TARGET = 9.1;
				MTL_ENABLE_DEBUG_INFO = YES;
				ONLY_ACTIVE_ARCH = YES;
				SDKROOT = iphoneos;
				TARGETED_DEVICE_FAMILY = "1,2";
			};
			name = Debug;
		};
		762BDA3C1C6F423E0033F521 /* Release */ = {
			isa = XCBuildConfiguration;
			buildSettings = {
				ALWAYS_SEARCH_USER_PATHS = NO;
				CLANG_CXX_LANGUAGE_STANDARD = "gnu++0x";
				CLANG_CXX_LIBRARY = "libc++";
				CLANG_ENABLE_MODULES = YES;
				CLANG_ENABLE_OBJC_ARC = YES;
				CLANG_WARN_BOOL_CONVERSION = YES;
				CLANG_WARN_CONSTANT_CONVERSION = YES;
				CLANG_WARN_DIRECT_OBJC_ISA_USAGE = YES_ERROR;
				CLANG_WARN_EMPTY_BODY = YES;
				CLANG_WARN_ENUM_CONVERSION = YES;
				CLANG_WARN_INT_CONVERSION = YES;
				CLANG_WARN_OBJC_ROOT_CLASS = YES_ERROR;
				CLANG_WARN_UNREACHABLE_CODE = YES;
				CLANG_WARN__DUPLICATE_METHOD_MATCH = YES;
				"CODE_SIGN_IDENTITY[sdk=iphoneos*]" = "iPhone Developer";
				COPY_PHASE_STRIP = NO;
				DEBUG_INFORMATION_FORMAT = "dwarf-with-dsym";
				ENABLE_NS_ASSERTIONS = NO;
				ENABLE_STRICT_OBJC_MSGSEND = YES;
				GCC_C_LANGUAGE_STANDARD = gnu99;
				GCC_NO_COMMON_BLOCKS = YES;
				GCC_WARN_64_TO_32_BIT_CONVERSION = YES;
				GCC_WARN_ABOUT_RETURN_TYPE = YES_ERROR;
				GCC_WARN_UNDECLARED_SELECTOR = YES;
				GCC_WARN_UNINITIALIZED_AUTOS = YES_AGGRESSIVE;
				GCC_WARN_UNUSED_FUNCTION = YES;
				GCC_WARN_UNUSED_VARIABLE = YES;
				IPHONEOS_DEPLOYMENT_TARGET = 9.1;
				MTL_ENABLE_DEBUG_INFO = NO;
				SDKROOT = iphoneos;
				TARGETED_DEVICE_FAMILY = "1,2";
				VALIDATE_PRODUCT = YES;
			};
			name = Release;
		};
		762BDA3E1C6F423E0033F521 /* Debug */ = {
			isa = XCBuildConfiguration;
			baseConfigurationReference = 1306FE47D7DA18E2048800F8 /* Pods.debug.xcconfig */;
			buildSettings = {
				ASSETCATALOG_COMPILER_APPICON_NAME = AppIcon;
				INFOPLIST_FILE = xmazon/Info.plist;
				LD_RUNPATH_SEARCH_PATHS = "$(inherited) @executable_path/Frameworks";
				PRODUCT_BUNDLE_IDENTIFIER = esgi.xmazon;
				PRODUCT_NAME = "$(TARGET_NAME)";
			};
			name = Debug;
		};
		762BDA3F1C6F423E0033F521 /* Release */ = {
			isa = XCBuildConfiguration;
			baseConfigurationReference = 2496D59C393EAF718C94184B /* Pods.release.xcconfig */;
			buildSettings = {
				ASSETCATALOG_COMPILER_APPICON_NAME = AppIcon;
				INFOPLIST_FILE = xmazon/Info.plist;
				LD_RUNPATH_SEARCH_PATHS = "$(inherited) @executable_path/Frameworks";
				PRODUCT_BUNDLE_IDENTIFIER = esgi.xmazon;
				PRODUCT_NAME = "$(TARGET_NAME)";
			};
			name = Release;
		};
/* End XCBuildConfiguration section */

/* Begin XCConfigurationList section */
		762BDA1E1C6F423D0033F521 /* Build configuration list for PBXProject "xmazon" */ = {
			isa = XCConfigurationList;
			buildConfigurations = (
				762BDA3B1C6F423E0033F521 /* Debug */,
				762BDA3C1C6F423E0033F521 /* Release */,
			);
			defaultConfigurationIsVisible = 0;
			defaultConfigurationName = Release;
		};
		762BDA3D1C6F423E0033F521 /* Build configuration list for PBXNativeTarget "xmazon" */ = {
			isa = XCConfigurationList;
			buildConfigurations = (
				762BDA3E1C6F423E0033F521 /* Debug */,
				762BDA3F1C6F423E0033F521 /* Release */,
			);
			defaultConfigurationIsVisible = 0;
			defaultConfigurationName = Release;
		};
/* End XCConfigurationList section */
	};
	rootObject = 762BDA1B1C6F423D0033F521 /* Project object */;
}
